{
  "name": "bumble-util",
  "version": "0.3.0",
  "lockfileVersion": 1,
  "requires": true,
  "dependencies": {
    "bumble-strings": {
      "version": "0.5.1",
      "resolved": "https://registry.npmjs.org/bumble-strings/-/bumble-strings-0.5.1.tgz",
      "integrity": "sha1-M5v7e91JKI8Ak4G3pVcoOhGW9bc=",
      "requires": {
        "underscore": "1.8.3"
      }
    },
    "moment": {
      "version": "2.22.0",
      "resolved": "https://registry.npmjs.org/moment/-/moment-2.22.0.tgz",
      "integrity": "sha512-1muXCh8jb1N/gHRbn9VDUBr0GYb8A/aVcHlII9QSB68a50spqEVLIGN6KVmCOnSvJrUhC0edGgKU5ofnGXdYdg=="
    },
    "underscore": {
      "version": "1.8.3",
      "resolved": "https://registry.npmjs.org/underscore/-/underscore-1.8.3.tgz",
      "integrity": "sha1-Tz+1OxBuYJf8+ctBCfKl6b36UCI="
    }
  }
}
